
Microsoft Visual Studio Solution File, Format Version 12.00
# Visual Studio Version 17
VisualStudioVersion = 17.5.002.0
MinimumVisualStudioVersion = 10.0.40219.1
Project("{9A19103F-16F7-4668-BE54-9A1E7A4F7556}") = "shopapp.ui", "shopapp.ui.csproj", "{D0419CE9-55A3-4623-85B0-DE870FD890A9}"
EndProject
Global
	GlobalSection(SolutionConfigurationPlatforms) = preSolution
		Debug|Any CPU = Debug|Any CPU
		Release|Any CPU = Release|Any CPU
	EndGlobalSection
	GlobalSection(ProjectConfigurationPlatforms) = postSolution
		{D0419CE9-55A3-4623-85B0-DE870FD890A9}.Debug|Any CPU.ActiveCfg = Debug|Any CPU
		{D0419CE9-55A3-4623-85B0-DE870FD890A9}.Debug|Any CPU.Build.0 = Debug|Any CPU
		{D0419CE9-55A3-4623-85B0-DE870FD890A9}.Release|Any CPU.ActiveCfg = Release|Any CPU
		{D0419CE9-55A3-4623-85B0-DE870FD890A9}.Release|Any CPU.Build.0 = Release|Any CPU
	EndGlobalSection
	GlobalSection(SolutionProperties) = preSolution
		HideSolutionNode = FALSE
	EndGlobalSection
	GlobalSection(ExtensibilityGlobals) = postSolution
		SolutionGuid = {97F52497-F6B5-4502-B723-541144BE6109}
	EndGlobalSection
EndGlobal
